# This file is automatically @generated by Cargo.
# It is not intended for manual editing.
version = 3

[[package]]
name = "microbench"
version = "0.5.0"
source = "registry+https://github.com/rust-lang/crates.io-index"
checksum = "c4c44e40aee4e6fd2f4257bb91e5948ce79285aeb949129448889cf2fbf6da0b"

[[package]]
name = "polib"
version = "0.0.1"
dependencies = [
 "microbench",
]
